dependencies:
  cinderblocks/esp_tinygpsplusplus:
    component_hash: 4dd01357b3536696b0e3132dd68cbbd9a41536f9618cb65eec9c86efaedab76f
    dependencies:
    - name: idf
      require: private
      version: '>=5.0.0'
    source:
      registry_url: https://components.espressif.com/
      type: service
    targets:
    - esp32s3
    - esp32s2
    - esp32
    - esp32c3
    - esp32c6
    - esp32h2
    version: 1.1.1
  espressif/mqtt:
    component_hash: ffdad5659706b4dc14bc63f8eb73ef765efa015bf7e9adf71c813d52a2dc9342
    dependencies:
    - name: idf
      require: private
      version: '>=5.3'
    source:
      registry_url: https://components.espressif.com/
      type: service
    version: 1.0.0
  idf:
    source:
      type: idf
    version: 6.0.1
direct_dependencies:
- cinderblocks/esp_tinygpsplusplus
- espressif/mqtt
- idf
manifest_hash: e4aa6321e6af2b0696f45f2ecfcef7e842bb5bd748f39019e2602cd6f0fb83af
target: esp32
version: 3.0.0
